
Microsoft Visual Studio Solution File, Format Version 12.00
# Visual Studio Version 17
VisualStudioVersion = 17.9.34723.18
MinimumVisualStudioVersion = 10.0.40219.1
Project("{FAE04EC0-301F-11D3-BF4B-00C04F79EFBC}") = "WindowsFormsApplication1", "WindowsFormsApplication1.csproj", "{E2CFCEDE-05D9-4155-8330-18C65D06544A}"
EndProject
Global
	GlobalSection(SolutionConfigurationPlatforms) = preSolution
		Debug|Any CPU = Debug|Any CPU
		Release|Any CPU = Release|Any CPU
	EndGlobalSection
	GlobalSection(ProjectConfigurationPlatforms) = postSolution
		{E2CFCEDE-05D9-4155-8330-18C65D06544A}.Debug|Any CPU.ActiveCfg = Debug|Any CPU
		{E2CFCEDE-05D9-4155-8330-18C65D06544A}.Debug|Any CPU.Build.0 = Debug|Any CPU
		{E2CFCEDE-05D9-4155-8330-18C65D06544A}.Release|Any CPU.ActiveCfg = Release|Any CPU
		{E2CFCEDE-05D9-4155-8330-18C65D06544A}.Release|Any CPU.Build.0 = Release|Any CPU
	EndGlobalSection
	GlobalSection(SolutionProperties) = preSolution
		HideSolutionNode = FALSE
	EndGlobalSection
	GlobalSection(ExtensibilityGlobals) = postSolution
		SolutionGuid = {DE123CFF-DC96-4B26-87CF-F48E6F899EE9}
	EndGlobalSection
EndGlobal
